// !$*UTF8*$!
{
	archiveVersion = 1;
	classes = {
	};
	objectVersion = 77;
	objects = {

/* Begin PBXBuildFile section */
		723507F52DD97CF80024815C /* Lottie in Frameworks */ = {isa = PBXBuildFile; productRef = 723507F42DD97CF80024815C /* Lottie */; };
		723508082DDBEBDD0024815C /* FirebaseAnalytics in Frameworks */ = {isa = PBXBuildFile; productRef = 723508072DDBEBDD0024815C /* FirebaseAnalytics */; };
		7235080A2DDBEBDD0024815C /* FirebaseAuth in Frameworks */ = {isa = PBXBuildFile; productRef = 723508092DDBEBDD0024815C /* FirebaseAuth */; };
		7235080D2DDBECEF0024815C /* GoogleSignIn in Frameworks */ = {isa = PBXBuildFile; productRef = 7235080C2DDBECEF0024815C /* GoogleSignIn */; };
		7235080F2DDBECEF0024815C /* GoogleSignInSwift in Frameworks */ = {isa = PBXBuildFile; productRef = 7235080E2DDBECEF0024815C /* GoogleSignInSwift */; };
		72F186AE2DDC7024003B2C4F /* FirebaseDynamicLinks in Frameworks */ = {isa = PBXBuildFile; productRef = 72F186AD2DDC7024003B2C4F /* FirebaseDynamicLinks */; };
		72F186B02DDC7024003B2C4F /* FirebaseFirestore in Frameworks */ = {isa = PBXBuildFile; productRef = 72F186AF2DDC7024003B2C4F /* FirebaseFirestore */; };
/* End PBXBuildFile section */

/* Begin PBXContainerItemProxy section */
		723507B12DD81E370024815C /* PBXContainerItemProxy */ = {
			isa = PBXContainerItemProxy;
			containerPortal = 7235079A2DD81E350024815C /* Project object */;
			proxyType = 1;
			remoteGlobalIDString = 723507A12DD81E350024815C;
			remoteInfo = Duet;
		};
		723507BB2DD81E370024815C /* PBXContainerItemProxy */ = {
			isa = PBXContainerItemProxy;
			containerPortal = 7235079A2DD81E350024815C /* Project object */;
			proxyType = 1;
			remoteGlobalIDString = 723507A12DD81E350024815C;
			remoteInfo = Duet;
		};
/* End PBXContainerItemProxy section */

/* Begin PBXFileReference section */
		723507A22DD81E350024815C /* Duet.app */ = {isa = PBXFileReference; explicitFileType = wrapper.application; includeInIndex = 0; path = Duet.app; sourceTree = BUILT_PRODUCTS_DIR; };
		723507B02DD81E370024815C /* DuetTests.xctest */ = {isa = PBXFileReference; explicitFileType = wrapper.cfbundle; includeInIndex = 0; path = DuetTests.xctest; sourceTree = BUILT_PRODUCTS_DIR; };
		723507BA2DD81E370024815C /* DuetUITests.xctest */ = {isa = PBXFileReference; explicitFileType = wrapper.cfbundle; includeInIndex = 0; path = DuetUITests.xctest; sourceTree = BUILT_PRODUCTS_DIR; };
/* End PBXFileReference section */

/* Begin PBXFileSystemSynchronizedBuildFileExceptionSet section */
		72F186B82DDC7C10003B2C4F /* Exceptions for "Duet" folder in "Duet" target */ = {
			isa = PBXFileSystemSynchronizedBuildFileExceptionSet;
			membershipExceptions = (
				Info.plist,
			);
			target = 723507A12DD81E350024815C /* Duet */;
		};
/* End PBXFileSystemSynchronizedBuildFileExceptionSet section */

/* Begin PBXFileSystemSynchronizedRootGroup section */
		723507A42DD81E350024815C /* Duet */ = {
			isa = PBXFileSystemSynchronizedRootGroup;
			exceptions = (
				72F186B82DDC7C10003B2C4F /* Exceptions for "Duet" folder in "Duet" target */,
			);
			path = Duet;
			sourceTree = "<group>";
		};
		723507B32DD81E370024815C /* DuetTests */ = {
			isa = PBXFileSystemSynchronizedRootGroup;
			path = DuetTests;
			sourceTree = "<group>";
		};
		723507BD2DD81E370024815C /* DuetUITests */ = {
			isa = PBXFileSystemSynchronizedRootGroup;
			path = DuetUITests;
			sourceTree = "<group>";
		};
/* End PBXFileSystemSynchronizedRootGroup section */

/* Begin PBXFrameworksBuildPhase section */
		7235079F2DD81E350024815C /* Frameworks */ = {
			isa = PBXFrameworksBuildPhase;
			buildActionMask = 2147483647;
			files = (
				7235080F2DDBECEF0024815C /* GoogleSignInSwift in Frameworks */,
				723508082DDBEBDD0024815C /* FirebaseAnalytics in Frameworks */,
				7235080D2DDBECEF0024815C /* GoogleSignIn in Frameworks */,
				7235080A2DDBEBDD0024815C /* FirebaseAuth in Frameworks */,
				723507F52DD97CF80024815C /* Lottie in Frameworks */,
				72F186AE2DDC7024003B2C4F /* FirebaseDynamicLinks in Frameworks */,
				72F186B02DDC7024003B2C4F /* FirebaseFirestore in Frameworks */,
			);
			runOnlyForDeploymentPostprocessing = 0;
		};
		723507AD2DD81E370024815C /* Frameworks */ = {
			isa = PBXFrameworksBuildPhase;
			buildActionMask = 2147483647;
			files = (
			);
			runOnlyForDeploymentPostprocessing = 0;
		};
		723507B72DD81E370024815C /* Frameworks */ = {
			isa = PBXFrameworksBuildPhase;
			buildActionMask = 2147483647;
			files = (
			);
			runOnlyForDeploymentPostprocessing = 0;
		};
/* End PBXFrameworksBuildPhase section */

/* Begin PBXGroup section */
		723507992DD81E350024815C = {
			isa = PBXGroup;
			children = (
				723507A42DD81E350024815C /* Duet */,
				723507B32DD81E370024815C /* DuetTests */,
				723507BD2DD81E370024815C /* DuetUITests */,
				723507A32DD81E350024815C /* Products */,
			);
			sourceTree = "<group>";
		};
		723507A32DD81E350024815C /* Products */ = {
			isa = PBXGroup;
			children = (
				723507A22DD81E350024815C /* Duet.app */,
				723507B02DD81E370024815C /* DuetTests.xctest */,
				723507BA2DD81E370024815C /* DuetUITests.xctest */,
			);
			name = Products;
			sourceTree = "<group>";
		};
/* End PBXGroup section */

/* Begin PBXNativeTarget section */
		723507A12DD81E350024815C /* Duet */ = {
			isa = PBXNativeTarget;
			buildConfigurationList = 723507C42DD81E370024815C /* Build configuration list for PBXNativeTarget "Duet" */;
			buildPhases = (
				7235079E2DD81E350024815C /* Sources */,
				7235079F2DD81E350024815C /* Frameworks */,
				723507A02DD81E350024815C /* Resources */,
			);
			buildRules = (
			);
			dependencies = (
			);
			fileSystemSynchronizedGroups = (
				723507A42DD81E350024815C /* Duet */,
			);
			name = Duet;
			packageProductDependencies = (
				723507F42DD97CF80024815C /* Lottie */,
				723508072DDBEBDD0024815C /* FirebaseAnalytics */,
				723508092DDBEBDD0024815C /* FirebaseAuth */,
				7235080C2DDBECEF0024815C /* GoogleSignIn */,
				7235080E2DDBECEF0024815C /* GoogleSignInSwift */,
				72F186AD2DDC7024003B2C4F /* FirebaseDynamicLinks */,
				72F186AF2DDC7024003B2C4F /* FirebaseFirestore */,
			);
			productName = Duet;
			productReference = 723507A22DD81E350024815C /* Duet.app */;
			productType = "com.apple.product-type.application";
		};
		723507AF2DD81E370024815C /* DuetTests */ = {
			isa = PBXNativeTarget;
			buildConfigurationList = 723507C72DD81E370024815C /* Build configuration list for PBXNativeTarget "DuetTests" */;
			buildPhases = (
				723507AC2DD81E370024815C /* Sources */,
				723507AD2DD81E370024815C /* Frameworks */,
				723507AE2DD81E370024815C /* Resources */,
			);
			buildRules = (
			);
			dependencies = (
				723507B22DD81E370024815C /* PBXTargetDependency */,
			);
			fileSystemSynchronizedGroups = (
				723507B32DD81E370024815C /* DuetTests */,
			);
			name = DuetTests;
			packageProductDependencies = (
			);
			productName = DuetTests;
			productReference = 723507B02DD81E370024815C /* DuetTests.xctest */;
			productType = "com.apple.product-type.bundle.unit-test";
		};
		723507B92DD81E370024815C /* DuetUITests */ = {
			isa = PBXNativeTarget;
			buildConfigurationList = 723507CA2DD81E370024815C /* Build configuration list for PBXNativeTarget "DuetUITests" */;
			buildPhases = (
				723507B62DD81E370024815C /* Sources */,
				723507B72DD81E370024815C /* Frameworks */,
				723507B82DD81E370024815C /* Resources */,
			);
			buildRules = (
			);
			dependencies = (
				723507BC2DD81E370024815C /* PBXTargetDependency */,
			);
			fileSystemSynchronizedGroups = (
				723507BD2DD81E370024815C /* DuetUITests */,
			);
			name = DuetUITests;
			packageProductDependencies = (
			);
			productName = DuetUITests;
			productReference = 723507BA2DD81E370024815C /* DuetUITests.xctest */;
			productType = "com.apple.product-type.bundle.ui-testing";
		};
/* End PBXNativeTarget section */

/* Begin PBXProject section */
		7235079A2DD81E350024815C /* Project object */ = {
			isa = PBXProject;
			attributes = {
				BuildIndependentTargetsInParallel = 1;
				LastSwiftUpdateCheck = 1630;
				LastUpgradeCheck = 1630;
				TargetAttributes = {
					723507A12DD81E350024815C = {
						CreatedOnToolsVersion = 16.3;
					};
					723507AF2DD81E370024815C = {
						CreatedOnToolsVersion = 16.3;
						TestTargetID = 723507A12DD81E350024815C;
					};
					723507B92DD81E370024815C = {
						CreatedOnToolsVersion = 16.3;
						TestTargetID = 723507A12DD81E350024815C;
					};
				};
			};
			buildConfigurationList = 7235079D2DD81E350024815C /* Build configuration list for PBXProject "Duet" */;
			developmentRegion = en;
			hasScannedForEncodings = 0;
			knownRegions = (
				en,
				Base,
			);
			mainGroup = 723507992DD81E350024815C;
			minimizedProjectReferenceProxies = 1;
			packageReferences = (
				723507F32DD97C810024815C /* XCRemoteSwiftPackageReference "lottie-spm" */,
				723508062DDBEBDD0024815C /* XCRemoteSwiftPackageReference "firebase-ios-sdk" */,
				7235080B2DDBECEF0024815C /* XCRemoteSwiftPackageReference "GoogleSignIn-iOS" */,
			);
			preferredProjectObjectVersion = 77;
			productRefGroup = 723507A32DD81E350024815C /* Products */;
			projectDirPath = "";
			projectRoot = "";
			targets = (
				723507A12DD81E350024815C /* Duet */,
				723507AF2DD81E370024815C /* DuetTests */,
				723507B92DD81E370024815C /* DuetUITests */,
			);
		};
/* End PBXProject section */

/* Begin PBXResourcesBuildPhase section */
		723507A02DD81E350024815C /* Resources */ = {
			isa = PBXResourcesBuildPhase;
			buildActionMask = 2147483647;
			files = (
			);
			runOnlyForDeploymentPostprocessing = 0;
		};
		723507AE2DD81E370024815C /* Resources */ = {
			isa = PBXResourcesBuildPhase;
			buildActionMask = 2147483647;
			files = (
			);
			runOnlyForDeploymentPostprocessing = 0;
		};
		723507B82DD81E370024815C /* Resources */ = {
			isa = PBXResourcesBuildPhase;
			buildActionMask = 2147483647;
			files = (
			);
			runOnlyForDeploymentPostprocessing = 0;
		};
/* End PBXResourcesBuildPhase section */

/* Begin PBXSourcesBuildPhase section */
		7235079E2DD81E350024815C /* Sources */ = {
			isa = PBXSourcesBuildPhase;
			buildActionMask = 2147483647;
			files = (
			);
			runOnlyForDeploymentPostprocessing = 0;
		};
		723507AC2DD81E370024815C /* Sources */ = {
			isa = PBXSourcesBuildPhase;
			buildActionMask = 2147483647;
			files = (
			);
			runOnlyForDeploymentPostprocessing = 0;
		};
		723507B62DD81E370024815C /* Sources */ = {
			isa = PBXSourcesBuildPhase;
			buildActionMask = 2147483647;
			files = (
			);
			runOnlyForDeploymentPostprocessing = 0;
		};
/* End PBXSourcesBuildPhase section */

/* Begin PBXTargetDependency section */
		723507B22DD81E370024815C /* PBXTargetDependency */ = {
			isa = PBXTargetDependency;
			target = 723507A12DD81E350024815C /* Duet */;
			targetProxy = 723507B12DD81E370024815C /* PBXContainerItemProxy */;
		};
		723507BC2DD81E370024815C /* PBXTargetDependency */ = {
			isa = PBXTargetDependency;
			target = 723507A12DD81E350024815C /* Duet */;
			targetProxy = 723507BB2DD81E370024815C /* PBXContainerItemProxy */;
		};
/* End PBXTargetDependency section */

/* Begin XCBuildConfiguration section */
		723507C22DD81E370024815C /* Debug */ = {
			isa = XCBuildConfiguration;
			buildSettings = {
				ALWAYS_SEARCH_USER_PATHS = NO;
				ASSETCATALOG_COMPILER_GENERATE_SWIFT_ASSET_SYMBOL_EXTENSIONS = YES;
				CLANG_ANALYZER_NONNULL = YES;
				CLANG_ANALYZER_NUMBER_OBJECT_CONVERSION = YES_AGGRESSIVE;
				CLANG_CXX_LANGUAGE_STANDARD = "gnu++20";
				CLANG_ENABLE_MODULES = YES;
				CLANG_ENABLE_OBJC_ARC = YES;
				CLANG_ENABLE_OBJC_WEAK = YES;
				CLANG_WARN_BLOCK_CAPTURE_AUTORELEASING = YES;
				CLANG_WARN_BOOL_CONVERSION = YES;
				CLANG_WARN_COMMA = YES;
				CLANG_WARN_CONSTANT_CONVERSION = YES;
				CLANG_WARN_DEPRECATED_OBJC_IMPLEMENTATIONS = YES;
				CLANG_WARN_DIRECT_OBJC_ISA_USAGE = YES_ERROR;
				CLANG_WARN_DOCUMENTATION_COMMENTS = YES;
				CLANG_WARN_EMPTY_BODY = YES;
				CLANG_WARN_ENUM_CONVERSION = YES;
				CLANG_WARN_INFINITE_RECURSION = YES;
				CLANG_WARN_INT_CONVERSION = YES;
				CLANG_WARN_NON_LITERAL_NULL_CONVERSION = YES;
				CLANG_WARN_OBJC_IMPLICIT_RETAIN_SELF = YES;
				CLANG_WARN_OBJC_LITERAL_CONVERSION = YES;
				CLANG_WARN_OBJC_ROOT_CLASS = YES_ERROR;
				CLANG_WARN_QUOTED_INCLUDE_IN_FRAMEWORK_HEADER = YES;
				CLANG_WARN_RANGE_LOOP_ANALYSIS = YES;
				CLANG_WARN_STRICT_PROTOTYPES = YES;
				CLANG_WARN_SUSPICIOUS_MOVE = YES;
				CLANG_WARN_UNGUARDED_AVAILABILITY = YES_AGGRESSIVE;
				CLANG_WARN_UNREACHABLE_CODE = YES;
				CLANG_WARN__DUPLICATE_METHOD_MATCH = YES;
				COPY_PHASE_STRIP = NO;
				DEBUG_INFORMATION_FORMAT = dwarf;
				ENABLE_STRICT_OBJC_MSGSEND = YES;
				ENABLE_TESTABILITY = YES;
				ENABLE_USER_SCRIPT_SANDBOXING = YES;
				GCC_C_LANGUAGE_STANDARD = gnu17;
				GCC_DYNAMIC_NO_PIC = NO;
				GCC_NO_COMMON_BLOCKS = YES;
				GCC_OPTIMIZATION_LEVEL = 0;
				GCC_PREPROCESSOR_DEFINITIONS = (
					"DEBUG=1",
					"$(inherited)",
				);
				GCC_WARN_64_TO_32_BIT_CONVERSION = YES;
				GCC_WARN_ABOUT_RETURN_TYPE = YES_ERROR;
				GCC_WARN_UNDECLARED_SELECTOR = YES;
				GCC_WARN_UNINITIALIZED_AUTOS = YES_AGGRESSIVE;
				GCC_WARN_UNUSED_FUNCTION = YES;
				GCC_WARN_UNUSED_VARIABLE = YES;
				LOCALIZATION_PREFERS_STRING_CATALOGS = YES;
				MTL_ENABLE_DEBUG_INFO = INCLUDE_SOURCE;
				MTL_FAST_MATH = YES;
				ONLY_ACTIVE_ARCH = YES;
				SWIFT_ACTIVE_COMPILATION_CONDITIONS = "DEBUG $(inherited)";
				SWIFT_OPTIMIZATION_LEVEL = "-Onone";
			};
			name = Debug;
		};
		723507C32DD81E370024815C /* Release */ = {
			isa = XCBuildConfiguration;
			buildSettings = {
				ALWAYS_SEARCH_USER_PATHS = NO;
				ASSETCATALOG_COMPILER_GENERATE_SWIFT_ASSET_SYMBOL_EXTENSIONS = YES;
				CLANG_ANALYZER_NONNULL = YES;
				CLANG_ANALYZER_NUMBER_OBJECT_CONVERSION = YES_AGGRESSIVE;
				CLANG_CXX_LANGUAGE_STANDARD = "gnu++20";
				CLANG_ENABLE_MODULES = YES;
				CLANG_ENABLE_OBJC_ARC = YES;
				CLANG_ENABLE_OBJC_WEAK = YES;
				CLANG_WARN_BLOCK_CAPTURE_AUTORELEASING = YES;
				CLANG_WARN_BOOL_CONVERSION = YES;
				CLANG_WARN_COMMA = YES;
				CLANG_WARN_CONSTANT_CONVERSION = YES;
				CLANG_WARN_DEPRECATED_OBJC_IMPLEMENTATIONS = YES;
				CLANG_WARN_DIRECT_OBJC_ISA_USAGE = YES_ERROR;
				CLANG_WARN_DOCUMENTATION_COMMENTS = YES;
				CLANG_WARN_EMPTY_BODY = YES;
				CLANG_WARN_ENUM_CONVERSION = YES;
				CLANG_WARN_INFINITE_RECURSION = YES;
				CLANG_WARN_INT_CONVERSION = YES;
				CLANG_WARN_NON_LITERAL_NULL_CONVERSION = YES;
				CLANG_WARN_OBJC_IMPLICIT_RETAIN_SELF = YES;
				CLANG_WARN_OBJC_LITERAL_CONVERSION = YES;
				CLANG_WARN_OBJC_ROOT_CLASS = YES_ERROR;
				CLANG_WARN_QUOTED_INCLUDE_IN_FRAMEWORK_HEADER = YES;
				CLANG_WARN_RANGE_LOOP_ANALYSIS = YES;
				CLANG_WARN_STRICT_PROTOTYPES = YES;
				CLANG_WARN_SUSPICIOUS_MOVE = YES;
				CLANG_WARN_UNGUARDED_AVAILABILITY = YES_AGGRESSIVE;
				CLANG_WARN_UNREACHABLE_CODE = YES;
				CLANG_WARN__DUPLICATE_METHOD_MATCH = YES;
				COPY_PHASE_STRIP = NO;
				DEBUG_INFORMATION_FORMAT = "dwarf-with-dsym";
				ENABLE_NS_ASSERTIONS = NO;
				ENABLE_STRICT_OBJC_MSGSEND = YES;
				ENABLE_USER_SCRIPT_SANDBOXING = YES;
				GCC_C_LANGUAGE_STANDARD = gnu17;
				GCC_NO_COMMON_BLOCKS = YES;
				GCC_WARN_64_TO_32_BIT_CONVERSION = YES;
				GCC_WARN_ABOUT_RETURN_TYPE = YES_ERROR;
				GCC_WARN_UNDECLARED_SELECTOR = YES;
				GCC_WARN_UNINITIALIZED_AUTOS = YES_AGGRESSIVE;
				GCC_WARN_UNUSED_FUNCTION = YES;
				GCC_WARN_UNUSED_VARIABLE = YES;
				LOCALIZATION_PREFERS_STRING_CATALOGS = YES;
				MTL_ENABLE_DEBUG_INFO = NO;
				MTL_FAST_MATH = YES;
				SWIFT_COMPILATION_MODE = wholemodule;
			};
			name = Release;
		};
		723507C52DD81E370024815C /* Debug */ = {
			isa = XCBuildConfiguration;
			buildSettings = {
				ASSETCATALOG_COMPILER_APPICON_NAME = AppIcon;
				ASSETCATALOG_COMPILER_GLOBAL_ACCENT_COLOR_NAME = AccentColor;
				CODE_SIGN_ENTITLEMENTS = Duet/Duet.entitlements;
				CODE_SIGN_STYLE = Automatic;
				CURRENT_PROJECT_VERSION = 1;
				DEVELOPMENT_TEAM = U5D3H6CY73;
				ENABLE_PREVIEWS = YES;
				GENERATE_INFOPLIST_FILE = YES;
				INFOPLIST_FILE = Duet/Info.plist;
				"INFOPLIST_KEY_UIApplicationSceneManifest_Generation[sdk=iphoneos*]" = YES;
				"INFOPLIST_KEY_UIApplicationSceneManifest_Generation[sdk=iphonesimulator*]" = YES;
				"INFOPLIST_KEY_UIApplicationSupportsIndirectInputEvents[sdk=iphoneos*]" = YES;
				"INFOPLIST_KEY_UIApplicationSupportsIndirectInputEvents[sdk=iphonesimulator*]" = YES;
				"INFOPLIST_KEY_UILaunchScreen_Generation[sdk=iphoneos*]" = YES;
				"INFOPLIST_KEY_UILaunchScreen_Generation[sdk=iphonesimulator*]" = YES;
				"INFOPLIST_KEY_UIStatusBarStyle[sdk=iphoneos*]" = UIStatusBarStyleDefault;
				"INFOPLIST_KEY_UIStatusBarStyle[sdk=iphonesimulator*]" = UIStatusBarStyleDefault;
				INFOPLIST_KEY_UISupportedInterfaceOrientations_iPad = "UIInterfaceOrientationPortrait UIInterfaceOrientationPortraitUpsideDown UIInterfaceOrientationLandscapeLeft UIInterfaceOrientationLandscapeRight";
				INFOPLIST_KEY_UISupportedInterfaceOrientations_iPhone = "UIInterfaceOrientationPortrait UIInterfaceOrientationLandscapeLeft UIInterfaceOrientationLandscapeRight";
				IPHONEOS_DEPLOYMENT_TARGET = 17.6;
				LD_RUNPATH_SEARCH_PATHS = "@executable_path/Frameworks";
				"LD_RUNPATH_SEARCH_PATHS[sdk=macosx*]" = "@executable_path/../Frameworks";
				MACOSX_DEPLOYMENT_TARGET = 15.3;
				MARKETING_VERSION = 1.0;
				PRODUCT_BUNDLE_IDENTIFIER = jram.Duet.Duet;
				PRODUCT_NAME = "$(TARGET_NAME)";
				REGISTER_APP_GROUPS = YES;
				SDKROOT = auto;
				SUPPORTED_PLATFORMS = "iphoneos iphonesimulator macosx xros xrsimulator";
				SWIFT_EMIT_LOC_STRINGS = YES;
				SWIFT_VERSION = 5.0;
				TARGETED_DEVICE_FAMILY = "1,2,7";
				XROS_DEPLOYMENT_TARGET = 2.4;
			};
			name = Debug;
		};
		723507C62DD81E370024815C /* Release */ = {
			isa = XCBuildConfiguration;
			buildSettings = {
				ASSETCATALOG_COMPILER_APPICON_NAME = AppIcon;
				ASSETCATALOG_COMPILER_GLOBAL_ACCENT_COLOR_NAME = AccentColor;
				CODE_SIGN_ENTITLEMENTS = Duet/Duet.entitlements;
				CODE_SIGN_STYLE = Automatic;
				CURRENT_PROJECT_VERSION = 1;
				DEVELOPMENT_TEAM = U5D3H6CY73;
				ENABLE_PREVIEWS = YES;
				GENERATE_INFOPLIST_FILE = YES;
				INFOPLIST_FILE = Duet/Info.plist;
				"INFOPLIST_KEY_UIApplicationSceneManifest_Generation[sdk=iphoneos*]" = YES;
				"INFOPLIST_KEY_UIApplicationSceneManifest_Generation[sdk=iphonesimulator*]" = YES;
				"INFOPLIST_KEY_UIApplicationSupportsIndirectInputEvents[sdk=iphoneos*]" = YES;
				"INFOPLIST_KEY_UIApplicationSupportsIndirectInputEvents[sdk=iphonesimulator*]" = YES;
				"INFOPLIST_KEY_UILaunchScreen_Generation[sdk=iphoneos*]" = YES;
				"INFOPLIST_KEY_UILaunchScreen_Generation[sdk=iphonesimulator*]" = YES;
				"INFOPLIST_KEY_UIStatusBarStyle[sdk=iphoneos*]" = UIStatusBarStyleDefault;
				"INFOPLIST_KEY_UIStatusBarStyle[sdk=iphonesimulator*]" = UIStatusBarStyleDefault;
				INFOPLIST_KEY_UISupportedInterfaceOrientations_iPad = "UIInterfaceOrientationPortrait UIInterfaceOrientationPortraitUpsideDown UIInterfaceOrientationLandscapeLeft UIInterfaceOrientationLandscapeRight";
				INFOPLIST_KEY_UISupportedInterfaceOrientations_iPhone = "UIInterfaceOrientationPortrait UIInterfaceOrientationLandscapeLeft UIInterfaceOrientationLandscapeRight";
				IPHONEOS_DEPLOYMENT_TARGET = 17.6;
				LD_RUNPATH_SEARCH_PATHS = "@executable_path/Frameworks";
				"LD_RUNPATH_SEARCH_PATHS[sdk=macosx*]" = "@executable_path/../Frameworks";
				MACOSX_DEPLOYMENT_TARGET = 15.3;
				MARKETING_VERSION = 1.0;
				PRODUCT_BUNDLE_IDENTIFIER = jram.Duet.Duet;
				PRODUCT_NAME = "$(TARGET_NAME)";
				REGISTER_APP_GROUPS = YES;
				SDKROOT = auto;
				SUPPORTED_PLATFORMS = "iphoneos iphonesimulator macosx xros xrsimulator";
				SWIFT_EMIT_LOC_STRINGS = YES;
				SWIFT_VERSION = 5.0;
				TARGETED_DEVICE_FAMILY = "1,2,7";
				XROS_DEPLOYMENT_TARGET = 2.4;
			};
			name = Release;
		};
		723507C82DD81E370024815C /* Debug */ = {
			isa = XCBuildConfiguration;
			buildSettings = {
				BUNDLE_LOADER = "$(TEST_HOST)";
				CODE_SIGN_STYLE = Automatic;
				CURRENT_PROJECT_VERSION = 1;
				GENERATE_INFOPLIST_FILE = YES;
				IPHONEOS_DEPLOYMENT_TARGET = 18.4;
				MACOSX_DEPLOYMENT_TARGET = 15.3;
				MARKETING_VERSION = 1.0;
				PRODUCT_BUNDLE_IDENTIFIER = Duet.DuetTests;
				PRODUCT_NAME = "$(TARGET_NAME)";
				SDKROOT = auto;
				SUPPORTED_PLATFORMS = "iphoneos iphonesimulator macosx xros xrsimulator";
				SWIFT_EMIT_LOC_STRINGS = NO;
				SWIFT_VERSION = 5.0;
				TARGETED_DEVICE_FAMILY = "1,2,7";
				TEST_HOST = "$(BUILT_PRODUCTS_DIR)/Duet.app/$(BUNDLE_EXECUTABLE_FOLDER_PATH)/Duet";
				XROS_DEPLOYMENT_TARGET = 2.4;
			};
			name = Debug;
		};
		723507C92DD81E370024815C /* Release */ = {
			isa = XCBuildConfiguration;
			buildSettings = {
				BUNDLE_LOADER = "$(TEST_HOST)";
				CODE_SIGN_STYLE = Automatic;
				CURRENT_PROJECT_VERSION = 1;
				GENERATE_INFOPLIST_FILE = YES;
				IPHONEOS_DEPLOYMENT_TARGET = 18.4;
				MACOSX_DEPLOYMENT_TARGET = 15.3;
				MARKETING_VERSION = 1.0;
				PRODUCT_BUNDLE_IDENTIFIER = Duet.DuetTests;
				PRODUCT_NAME = "$(TARGET_NAME)";
				SDKROOT = auto;
				SUPPORTED_PLATFORMS = "iphoneos iphonesimulator macosx xros xrsimulator";
				SWIFT_EMIT_LOC_STRINGS = NO;
				SWIFT_VERSION = 5.0;
				TARGETED_DEVICE_FAMILY = "1,2,7";
				TEST_HOST = "$(BUILT_PRODUCTS_DIR)/Duet.app/$(BUNDLE_EXECUTABLE_FOLDER_PATH)/Duet";
				XROS_DEPLOYMENT_TARGET = 2.4;
			};
			name = Release;
		};
		723507CB2DD81E370024815C /* Debug */ = {
			isa = XCBuildConfiguration;
			buildSettings = {
				CODE_SIGN_STYLE = Automatic;
				CURRENT_PROJECT_VERSION = 1;
				GENERATE_INFOPLIST_FILE = YES;
				IPHONEOS_DEPLOYMENT_TARGET = 18.4;
				MACOSX_DEPLOYMENT_TARGET = 15.3;
				MARKETING_VERSION = 1.0;
				PRODUCT_BUNDLE_IDENTIFIER = Duet.DuetUITests;
				PRODUCT_NAME = "$(TARGET_NAME)";
				SDKROOT = auto;
				SUPPORTED_PLATFORMS = "iphoneos iphonesimulator macosx xros xrsimulator";
				SWIFT_EMIT_LOC_STRINGS = NO;
				SWIFT_VERSION = 5.0;
				TARGETED_DEVICE_FAMILY = "1,2,7";
				TEST_TARGET_NAME = Duet;
				XROS_DEPLOYMENT_TARGET = 2.4;
			};
			name = Debug;
		};
		723507CC2DD81E370024815C /* Release */ = {
			isa = XCBuildConfiguration;
			buildSettings = {
				CODE_SIGN_STYLE = Automatic;
				CURRENT_PROJECT_VERSION = 1;
				GENERATE_INFOPLIST_FILE = YES;
				IPHONEOS_DEPLOYMENT_TARGET = 18.4;
				MACOSX_DEPLOYMENT_TARGET = 15.3;
				MARKETING_VERSION = 1.0;
				PRODUCT_BUNDLE_IDENTIFIER = Duet.DuetUITests;
				PRODUCT_NAME = "$(TARGET_NAME)";
				SDKROOT = auto;
				SUPPORTED_PLATFORMS = "iphoneos iphonesimulator macosx xros xrsimulator";
				SWIFT_EMIT_LOC_STRINGS = NO;
				SWIFT_VERSION = 5.0;
				TARGETED_DEVICE_FAMILY = "1,2,7";
				TEST_TARGET_NAME = Duet;
				XROS_DEPLOYMENT_TARGET = 2.4;
			};
			name = Release;
		};
/* End XCBuildConfiguration section */

/* Begin XCConfigurationList section */
		7235079D2DD81E350024815C /* Build configuration list for PBXProject "Duet" */ = {
			isa = XCConfigurationList;
			buildConfigurations = (
				723507C22DD81E370024815C /* Debug */,
				723507C32DD81E370024815C /* Release */,
			);
			defaultConfigurationIsVisible = 0;
			defaultConfigurationName = Release;
		};
		723507C42DD81E370024815C /* Build configuration list for PBXNativeTarget "Duet" */ = {
			isa = XCConfigurationList;
			buildConfigurations = (
				723507C52DD81E370024815C /* Debug */,
				723507C62DD81E370024815C /* Release */,
			);
			defaultConfigurationIsVisible = 0;
			defaultConfigurationName = Release;
		};
		723507C72DD81E370024815C /* Build configuration list for PBXNativeTarget "DuetTests" */ = {
			isa = XCConfigurationList;
			buildConfigurations = (
				723507C82DD81E370024815C /* Debug */,
				723507C92DD81E370024815C /* Release */,
			);
			defaultConfigurationIsVisible = 0;
			defaultConfigurationName = Release;
		};
		723507CA2DD81E370024815C /* Build configuration list for PBXNativeTarget "DuetUITests" */ = {
			isa = XCConfigurationList;
			buildConfigurations = (
				723507CB2DD81E370024815C /* Debug */,
				723507CC2DD81E370024815C /* Release */,
			);
			defaultConfigurationIsVisible = 0;
			defaultConfigurationName = Release;
		};
/* End XCConfigurationList section */

/* Begin XCRemoteSwiftPackageReference section */
		723507F32DD97C810024815C /* XCRemoteSwiftPackageReference "lottie-spm" */ = {
			isa = XCRemoteSwiftPackageReference;
			repositoryURL = "https://github.com/airbnb/lottie-spm.git";
			requirement = {
				kind = upToNextMajorVersion;
				minimumVersion = 4.5.1;
			};
		};
		723508062DDBEBDD0024815C /* XCRemoteSwiftPackageReference "firebase-ios-sdk" */ = {
			isa = XCRemoteSwiftPackageReference;
			repositoryURL = "https://github.com/firebase/firebase-ios-sdk.git";
			requirement = {
				kind = upToNextMajorVersion;
				minimumVersion = 11.12.0;
			};
		};
		7235080B2DDBECEF0024815C /* XCRemoteSwiftPackageReference "GoogleSignIn-iOS" */ = {
			isa = XCRemoteSwiftPackageReference;
			repositoryURL = "https://github.com/google/GoogleSignIn-iOS.git";
			requirement = {
				kind = upToNextMajorVersion;
				minimumVersion = 8.0.0;
			};
		};
/* End XCRemoteSwiftPackageReference section */

/* Begin XCSwiftPackageProductDependency section */
		723507F42DD97CF80024815C /* Lottie */ = {
			isa = XCSwiftPackageProductDependency;
			package = 723507F32DD97C810024815C /* XCRemoteSwiftPackageReference "lottie-spm" */;
			productName = Lottie;
		};
		723508072DDBEBDD0024815C /* FirebaseAnalytics */ = {
			isa = XCSwiftPackageProductDependency;
			package = 723508062DDBEBDD0024815C /* XCRemoteSwiftPackageReference "firebase-ios-sdk" */;
			productName = FirebaseAnalytics;
		};
		723508092DDBEBDD0024815C /* FirebaseAuth */ = {
			isa = XCSwiftPackageProductDependency;
			package = 723508062DDBEBDD0024815C /* XCRemoteSwiftPackageReference "firebase-ios-sdk" */;
			productName = FirebaseAuth;
		};
		7235080C2DDBECEF0024815C /* GoogleSignIn */ = {
			isa = XCSwiftPackageProductDependency;
			package = 7235080B2DDBECEF0024815C /* XCRemoteSwiftPackageReference "GoogleSignIn-iOS" */;
			productName = GoogleSignIn;
		};
		7235080E2DDBECEF0024815C /* GoogleSignInSwift */ = {
			isa = XCSwiftPackageProductDependency;
			package = 7235080B2DDBECEF0024815C /* XCRemoteSwiftPackageReference "GoogleSignIn-iOS" */;
			productName = GoogleSignInSwift;
		};
		72F186AD2DDC7024003B2C4F /* FirebaseDynamicLinks */ = {
			isa = XCSwiftPackageProductDependency;
			package = 723508062DDBEBDD0024815C /* XCRemoteSwiftPackageReference "firebase-ios-sdk" */;
			productName = FirebaseDynamicLinks;
		};
		72F186AF2DDC7024003B2C4F /* FirebaseFirestore */ = {
			isa = XCSwiftPackageProductDependency;
			package = 723508062DDBEBDD0024815C /* XCRemoteSwiftPackageReference "firebase-ios-sdk" */;
			productName = FirebaseFirestore;
		};
/* End XCSwiftPackageProductDependency section */
	};
	rootObject = 7235079A2DD81E350024815C /* Project object */;
}
